
Microsoft Visual Studio Solution File, Format Version 12.00
# Visual Studio Version 17
VisualStudioVersion = 17.0.31903.59
MinimumVisualStudioVersion = 10.0.40219.1
Project("{FAE04EC0-301F-11D3-BF4B-00C04F79EFBC}") = "PrimeService", "PrimeService\PrimeService.csproj", "{9F9C8E81-7D8A-4812-B849-F365260FAEDA}"
EndProject
Project("{FAE04EC0-301F-11D3-BF4B-00C04F79EFBC}") = "PrimeService.Tests", "PrimeService.Tests\PrimeService.Tests.csproj", "{DDD56FDB-3997-4022-AD14-1EFD9A25E2AE}"
EndProject
Global
	GlobalSection(SolutionConfigurationPlatforms) = preSolution
		Debug|Any CPU = Debug|Any CPU
		Release|Any CPU = Release|Any CPU
	EndGlobalSection
	GlobalSection(SolutionProperties) = preSolution
		HideSolutionNode = FALSE
	EndGlobalSection
	GlobalSection(ProjectConfigurationPlatforms) = postSolution
		{9F9C8E81-7D8A-4812-B849-F365260FAEDA}.Debug|Any CPU.ActiveCfg = Debug|Any CPU
		{9F9C8E81-7D8A-4812-B849-F365260FAEDA}.Debug|Any CPU.Build.0 = Debug|Any CPU
		{9F9C8E81-7D8A-4812-B849-F365260FAEDA}.Release|Any CPU.ActiveCfg = Release|Any CPU
		{9F9C8E81-7D8A-4812-B849-F365260FAEDA}.Release|Any CPU.Build.0 = Release|Any CPU
		{DDD56FDB-3997-4022-AD14-1EFD9A25E2AE}.Debug|Any CPU.ActiveCfg = Debug|Any CPU
		{DDD56FDB-3997-4022-AD14-1EFD9A25E2AE}.Debug|Any CPU.Build.0 = Debug|Any CPU
		{DDD56FDB-3997-4022-AD14-1EFD9A25E2AE}.Release|Any CPU.ActiveCfg = Release|Any CPU
		{DDD56FDB-3997-4022-AD14-1EFD9A25E2AE}.Release|Any CPU.Build.0 = Release|Any CPU
	EndGlobalSection
EndGlobal
